# This file is generated by running "yarn install" inside your project.
# Manual changes might be lost - proceed with caution!

__metadata:
  version: 6
  cacheKey: 8

"@noble/curves@npm:^1.3.0":
  version: 1.3.0
  resolution: "@noble/curves@npm:1.3.0"
  dependencies:
    "@noble/hashes": 1.3.3
  checksum: b65342ee66c4a440eee2978524412eabba9a9efdd16d6370e15218c6a7d80bddf35e66bb57ed52c0dfd32cb9a717b439ab3a72db618f1a0066dfebe3fd12a421
  languageName: node
  linkType: hard

"@noble/hashes@npm:1.3.3, @noble/hashes@npm:^1.3.3":
  version: 1.3.3
  resolution: "@noble/hashes@npm:1.3.3"
  checksum: 8a6496d1c0c64797339bc694ad06cdfaa0f9e56cd0c3f68ae3666cfb153a791a55deb0af9c653c7ed2db64d537aa3e3054629740d2f2338bb1dcb7ab60cd205b
  languageName: node
  linkType: hard

"@polkadot/api-augment@npm:10.11.2":
  version: 10.11.2
  resolution: "@polkadot/api-augment@npm:10.11.2"
  dependencies:
    "@polkadot/api-base": 10.11.2
    "@polkadot/rpc-augment": 10.11.2
    "@polkadot/types": 10.11.2
    "@polkadot/types-augment": 10.11.2
    "@polkadot/types-codec": 10.11.2
    "@polkadot/util": ^12.6.2
    tslib: ^2.6.2
  checksum: 04a59f84abdc242ba0111afc9a41cc84ab562c3fb653db545f9d3ceb081afac2bcee392f709d4742079e1d3d1297fd135eac8727565c237349bdb7aa389ba04b
  languageName: node
  linkType: hard

"@polkadot/api-base@npm:10.11.2":
  version: 10.11.2
  resolution: "@polkadot/api-base@npm:10.11.2"
  dependencies:
    "@polkadot/rpc-core": 10.11.2
    "@polkadot/types": 10.11.2
    "@polkadot/util": ^12.6.2
    rxjs: ^7.8.1
    tslib: ^2.6.2
  checksum: 88f3aa2c61ebf0ac75451236767d3e873b1823a4e3bef96433e765899f9f030cdf5d059da0d1ec3e97effc6287974e48b8f60966f019ed8f62e19b35170a9721
  languageName: node
  linkType: hard

"@polkadot/api-derive@npm:10.11.2":
  version: 10.11.2
  resolution: "@polkadot/api-derive@npm:10.11.2"
  dependencies:
    "@polkadot/api": 10.11.2
    "@polkadot/api-augment": 10.11.2
    "@polkadot/api-base": 10.11.2
    "@polkadot/rpc-core": 10.11.2
    "@polkadot/types": 10.11.2
    "@polkadot/types-codec": 10.11.2
    "@polkadot/util": ^12.6.2
    "@polkadot/util-crypto": ^12.6.2
    rxjs: ^7.8.1
    tslib: ^2.6.2
  checksum: e89bcae6ac730fce72bb75f9b491400d561b0c61eb6f390d01e7c7060dd8fe24f893d7278f12e57200e485632f4a19f61af9b3dd5354bdfc07281bc9d2e85cb2
  languageName: node
  linkType: hard

"@polkadot/api@npm:10.11.2, @polkadot/api@npm:^10.11.2":
  version: 10.11.2
  resolution: "@polkadot/api@npm:10.11.2"
  dependencies:
    "@polkadot/api-augment": 10.11.2
    "@polkadot/api-base": 10.11.2
    "@polkadot/api-derive": 10.11.2
    "@polkadot/keyring": ^12.6.2
    "@polkadot/rpc-augment": 10.11.2
    "@polkadot/rpc-core": 10.11.2
    "@polkadot/rpc-provider": 10.11.2
    "@polkadot/types": 10.11.2
    "@polkadot/types-augment": 10.11.2
    "@polkadot/types-codec": 10.11.2
    "@polkadot/types-create": 10.11.2
    "@polkadot/types-known": 10.11.2
    "@polkadot/util": ^12.6.2
    "@polkadot/util-crypto": ^12.6.2
    eventemitter3: ^5.0.1
    rxjs: ^7.8.1
    tslib: ^2.6.2
  checksum: 4bb1c3ab28e7a96ea2c7a10f192ed679aff3c49e713164e69f163df7503686cb9fea7a20ab59b2dd6b85ed51e9c84df3efb346902dfd91b2f2e39aec0bdb351f
  languageName: node
  linkType: hard

"@polkadot/keyring@npm:^12.6.2":
  version: 12.6.2
  resolution: "@polkadot/keyring@npm:12.6.2"
  dependencies:
    "@polkadot/util": 12.6.2
    "@polkadot/util-crypto": 12.6.2
    tslib: ^2.6.2
  peerDependencies:
    "@polkadot/util": 12.6.2
    "@polkadot/util-crypto": 12.6.2
  checksum: b8591690cdd2b9c0fea5de88efe0be19190466572ecb696cc284eec61343b1a2fe0b61a7cfad54933730a132f65d7444619bcb2c8620f38bc0246bfaaa5026f4
  languageName: node
  linkType: hard

"@polkadot/networks@npm:12.6.2, @polkadot/networks@npm:^12.6.2":
  version: 12.6.2
  resolution: "@polkadot/networks@npm:12.6.2"
  dependencies:
    "@polkadot/util": 12.6.2
    "@substrate/ss58-registry": ^1.44.0
    tslib: ^2.6.2
  checksum: 7f3dbdd02d8429f82c36ce284ca279af663d45c1a40ce4ce1e38ec2a06fc9d6d27c66d374f32b91ae3058257f33d60701481c9e95ceab19bd2eb70d83465b026
  languageName: node
  linkType: hard

"@polkadot/rpc-augment@npm:10.11.2":
  version: 10.11.2
  resolution: "@polkadot/rpc-augment@npm:10.11.2"
  dependencies:
    "@polkadot/rpc-core": 10.11.2
    "@polkadot/types": 10.11.2
    "@polkadot/types-codec": 10.11.2
    "@polkadot/util": ^12.6.2
    tslib: ^2.6.2
  checksum: 06daf8630fd2e73bb5d6692300e6e9d0b4ed9b4b0814174c5103e73ad59c79036657543ddf34a4da273e16e8dde6482dcc7c422850b3f21fb54a665565881d48
  languageName: node
  linkType: hard

"@polkadot/rpc-core@npm:10.11.2":
  version: 10.11.2
  resolution: "@polkadot/rpc-core@npm:10.11.2"
  dependencies:
    "@polkadot/rpc-augment": 10.11.2
    "@polkadot/rpc-provider": 10.11.2
    "@polkadot/types": 10.11.2
    "@polkadot/util": ^12.6.2
    rxjs: ^7.8.1
    tslib: ^2.6.2
  checksum: f1511fbebee55ea993d1cb113c2a163efd7fd4ae03829c91c8400ed1ba6fbd7d6e1aeebcbf9f9997b0c386fdeb7db62eab25ac3ce7ed0a7cea9691ff28488973
  languageName: node
  linkType: hard

"@polkadot/rpc-provider@npm:10.11.2":
  version: 10.11.2
  resolution: "@polkadot/rpc-provider@npm:10.11.2"
  dependencies:
    "@polkadot/keyring": ^12.6.2
    "@polkadot/types": 10.11.2
    "@polkadot/types-support": 10.11.2
    "@polkadot/util": ^12.6.2
    "@polkadot/util-crypto": ^12.6.2
    "@polkadot/x-fetch": ^12.6.2
    "@polkadot/x-global": ^12.6.2
    "@polkadot/x-ws": ^12.6.2
    "@substrate/connect": 0.7.35
    eventemitter3: ^5.0.1
    mock-socket: ^9.3.1
    nock: ^13.4.0
    tslib: ^2.6.2
  dependenciesMeta:
    "@substrate/connect":
      optional: true
  checksum: a266ea4bf1fa4b2f3aaad005a04906bc2ffb6440b96b21789c41aad975311fe9a73f46e57a88c327130d69af06ad39d4e8826d70c5635966e55e2644a77ffa9a
  languageName: node
  linkType: hard

"@polkadot/types-augment@npm:10.11.2":
  version: 10.11.2
  resolution: "@polkadot/types-augment@npm:10.11.2"
  dependencies:
    "@polkadot/types": 10.11.2
    "@polkadot/types-codec": 10.11.2
    "@polkadot/util": ^12.6.2
    tslib: ^2.6.2
  checksum: 74d6efbac15dd20ce1f4c47adccdc1bf9cabed577c53ae964cf14ab943346c0fb4d0965e93b1276055f42f136d51de4bf10115ef79942bf12f8b309344e57fa4
  languageName: node
  linkType: hard

"@polkadot/types-codec@npm:10.11.2":
  version: 10.11.2
  resolution: "@polkadot/types-codec@npm:10.11.2"
  dependencies:
    "@polkadot/util": ^12.6.2
    "@polkadot/x-bigint": ^12.6.2
    tslib: ^2.6.2
  checksum: 154b3c89120b8095c82b55e89e0c0233b9f4e628017dfbbf0a9ca8383e6085bf93a3f91cd21264acdc9e996180e28d734c5f669a70524a3aa1399d0f5b8202d6
  languageName: node
  linkType: hard

"@polkadot/types-create@npm:10.11.2":
  version: 10.11.2
  resolution: "@polkadot/types-create@npm:10.11.2"
  dependencies:
    "@polkadot/types-codec": 10.11.2
    "@polkadot/util": ^12.6.2
    tslib: ^2.6.2
  checksum: 4fb124dbd3f42baaf99de68e6b26c4ce3d314ec92ba2c8a88eee72b9c3404bbe84d234e66048edbe26afb155338cdc81bf62a65c9e4dbdfe9c32e694de6f97b2
  languageName: node
  linkType: hard

"@polkadot/types-known@npm:10.11.2":
  version: 10.11.2
  resolution: "@polkadot/types-known@npm:10.11.2"
  dependencies:
    "@polkadot/networks": ^12.6.2
    "@polkadot/types": 10.11.2
    "@polkadot/types-codec": 10.11.2
    "@polkadot/types-create": 10.11.2
    "@polkadot/util": ^12.6.2
    tslib: ^2.6.2
  checksum: 198c92576fa85060bf571a56dcca3041ff749950645109d357ef77a619472096136a2fec2eaf3174742db9d20a181486c29bc23c4224c9968fc60a17b161408c
  languageName: node
  linkType: hard

"@polkadot/types-support@npm:10.11.2":
  version: 10.11.2
  resolution: "@polkadot/types-support@npm:10.11.2"
  dependencies:
    "@polkadot/util": ^12.6.2
    tslib: ^2.6.2
  checksum: 6283a5581876c7fba850add6612cd9285a876f506298581392a7db1f0f92357857da86aac031eef515e8d0ca725ec89259bef676b662616242cc5f5efc2527bc
  languageName: node
  linkType: hard

"@polkadot/types@npm:10.11.2, @polkadot/types@npm:^10.11.2":
  version: 10.11.2
  resolution: "@polkadot/types@npm:10.11.2"
  dependencies:
    "@polkadot/keyring": ^12.6.2
    "@polkadot/types-augment": 10.11.2
    "@polkadot/types-codec": 10.11.2
    "@polkadot/types-create": 10.11.2
    "@polkadot/util": ^12.6.2
    "@polkadot/util-crypto": ^12.6.2
    rxjs: ^7.8.1
    tslib: ^2.6.2
  checksum: 6e4873329bc8754d6ebdf1e4b20b1ced1edbda554a837c6d47dbc6f3abf8001e74884631bba3695cbd08b07e96ae784191a586d286d3bdfc5a985a0785595049
  languageName: node
  linkType: hard

"@polkadot/util-crypto@npm:12.6.2, @polkadot/util-crypto@npm:^12.6.2":
  version: 12.6.2
  resolution: "@polkadot/util-crypto@npm:12.6.2"
  dependencies:
    "@noble/curves": ^1.3.0
    "@noble/hashes": ^1.3.3
    "@polkadot/networks": 12.6.2
    "@polkadot/util": 12.6.2
    "@polkadot/wasm-crypto": ^7.3.2
    "@polkadot/wasm-util": ^7.3.2
    "@polkadot/x-bigint": 12.6.2
    "@polkadot/x-randomvalues": 12.6.2
    "@scure/base": ^1.1.5
    tslib: ^2.6.2
  peerDependencies:
    "@polkadot/util": 12.6.2
  checksum: 63d4bd9bdc3a7089a0a68555cd6a510b8da3cfab142a8f96ba4b43d5d1db2a543433079bc88c2daf15a329d19ba2cc60f6cca6dbebaefd25e96169cb6343794b
  languageName: node
  linkType: hard

"@polkadot/util@npm:12.6.2, @polkadot/util@npm:^12.6.2":
  version: 12.6.2
  resolution: "@polkadot/util@npm:12.6.2"
  dependencies:
    "@polkadot/x-bigint": 12.6.2
    "@polkadot/x-global": 12.6.2
    "@polkadot/x-textdecoder": 12.6.2
    "@polkadot/x-textencoder": 12.6.2
    "@types/bn.js": ^5.1.5
    bn.js: ^5.2.1
    tslib: ^2.6.2
  checksum: a42a226f3c299026458d82e48516abf59c1cd8638167edaa3fc1a17aec0ebab203e0ad68a096a4a4fa188afd55093535a98e5083d682a79242a3c5ad79342599
  languageName: node
  linkType: hard

"@polkadot/wasm-bridge@npm:7.3.2":
  version: 7.3.2
  resolution: "@polkadot/wasm-bridge@npm:7.3.2"
  dependencies:
    "@polkadot/wasm-util": 7.3.2
    tslib: ^2.6.2
  peerDependencies:
    "@polkadot/util": "*"
    "@polkadot/x-randomvalues": "*"
  checksum: 8c68b78cbd62347ebdf3fa66f2ffd1f7e883df71d770f5099ff652b083a79f1d7e9e7826a6acd8e986e9da0b07c0170a3f77b6a35726c6b24d856e3f8d08d201
  languageName: node
  linkType: hard

"@polkadot/wasm-crypto-asmjs@npm:7.3.2":
  version: 7.3.2
  resolution: "@polkadot/wasm-crypto-asmjs@npm:7.3.2"
  dependencies:
    tslib: ^2.6.2
  peerDependencies:
    "@polkadot/util": "*"
  checksum: 669ea001565301f9b1a8feecb0e301c854fc318e5605316b57be7e83d717e7ee8ac460001cd44b18075a3d028c32c4a605c0e0e2e95ae00865282321b009ed26
  languageName: node
  linkType: hard

"@polkadot/wasm-crypto-init@npm:7.3.2":
  version: 7.3.2
  resolution: "@polkadot/wasm-crypto-init@npm:7.3.2"
  dependencies:
    "@polkadot/wasm-bridge": 7.3.2
    "@polkadot/wasm-crypto-asmjs": 7.3.2
    "@polkadot/wasm-crypto-wasm": 7.3.2
    "@polkadot/wasm-util": 7.3.2
    tslib: ^2.6.2
  peerDependencies:
    "@polkadot/util": "*"
    "@polkadot/x-randomvalues": "*"
  checksum: af7bc62bba16f1fbbfd76601ecf18ed8f4dfc685807e2e89ef8e8d02f824d1a1ed1635e9c2448c6c12a9a183192b18943f9ce077d6b7781c4d43cdb5c45c9161
  languageName: node
  linkType: hard

"@polkadot/wasm-crypto-wasm@npm:7.3.2":
  version: 7.3.2
  resolution: "@polkadot/wasm-crypto-wasm@npm:7.3.2"
  dependencies:
    "@polkadot/wasm-util": 7.3.2
    tslib: ^2.6.2
  peerDependencies:
    "@polkadot/util": "*"
  checksum: e112ea3d4f8858a95fdaad47341b422db3db3256b7e7d709d1c3e0bc4c4bbdf81028eaa556b688078b32ff15be33af093b903c680f54eb1552072afede621a6a
  languageName: node
  linkType: hard

"@polkadot/wasm-crypto@npm:^7.3.2":
  version: 7.3.2
  resolution: "@polkadot/wasm-crypto@npm:7.3.2"
  dependencies:
    "@polkadot/wasm-bridge": 7.3.2
    "@polkadot/wasm-crypto-asmjs": 7.3.2
    "@polkadot/wasm-crypto-init": 7.3.2
    "@polkadot/wasm-crypto-wasm": 7.3.2
    "@polkadot/wasm-util": 7.3.2
    tslib: ^2.6.2
  peerDependencies:
    "@polkadot/util": "*"
    "@polkadot/x-randomvalues": "*"
  checksum: 574006cdcc3e76af28cc79102726a79fdcd765ca5b45cbc4807d70917d82131b59f50b5cc07bd165b2863ed131b8764fef74b00c68ba5ec30a21c04c72061f8f
  languageName: node
  linkType: hard

"@polkadot/wasm-util@npm:7.3.2, @polkadot/wasm-util@npm:^7.3.2":
  version: 7.3.2
  resolution: "@polkadot/wasm-util@npm:7.3.2"
  dependencies:
    tslib: ^2.6.2
  peerDependencies:
    "@polkadot/util": "*"
  checksum: 44bd445043714aac6d184ce02d62fbdb97a117fd4d8bdbf3f2c1d14f6911a7d87ed6bb4682035eb757524ade995f7f4f8aaa07c8a194f761884ded25a6b383a9
  languageName: node
  linkType: hard

"@polkadot/x-bigint@npm:12.6.2, @polkadot/x-bigint@npm:^12.6.2":
  version: 12.6.2
  resolution: "@polkadot/x-bigint@npm:12.6.2"
  dependencies:
    "@polkadot/x-global": 12.6.2
    tslib: ^2.6.2
  checksum: 12b2d5c3a7b994f5bd4f7aeda9e268384b04bd080892400c65b88fb5aa4951df6c4abe3baf9820f3adf3da92e2add710858dd35dcd597d2527bbfd1cd0efe534
  languageName: node
  linkType: hard

"@polkadot/x-fetch@npm:^12.6.2":
  version: 12.6.2
  resolution: "@polkadot/x-fetch@npm:12.6.2"
  dependencies:
    "@polkadot/x-global": 12.6.2
    node-fetch: ^3.3.2
    tslib: ^2.6.2
  checksum: 2f0269b17ebbb907f4f4fa777898fd8ea16ecd37abfc2c0b69cfc49bd5ab0ed38cf836a4941e85f9100192f7005731a9a8c6b135799efd17b4261c3cc1ebf844
  languageName: node
  linkType: hard

"@polkadot/x-global@npm:12.6.2, @polkadot/x-global@npm:^12.6.2":
  version: 12.6.2
  resolution: "@polkadot/x-global@npm:12.6.2"
  dependencies:
    tslib: ^2.6.2
  checksum: eb17e039cb1668743c84f5eafbf518cf6248e93090e4877f81f338b418b3e6b0173f2414c62bd9cbe7bf8911ec566527ca7c49c4354ba90d57e62e90195329d0
  languageName: node
  linkType: hard

"@polkadot/x-randomvalues@npm:12.6.2":
  version: 12.6.2
  resolution: "@polkadot/x-randomvalues@npm:12.6.2"
  dependencies:
    "@polkadot/x-global": 12.6.2
    tslib: ^2.6.2
  peerDependencies:
    "@polkadot/util": 12.6.2
    "@polkadot/wasm-util": "*"
  checksum: 7faccf2dbcf0c7383b5ecfd7beb098c8c8ad5cf4c8f5bafd601657f8271af8f00b66741531ecf8b2f7c59911d96f77e358184a7c5034c70bf387a8e929a4c210
  languageName: node
  linkType: hard

"@polkadot/x-textdecoder@npm:12.6.2":
  version: 12.6.2
  resolution: "@polkadot/x-textdecoder@npm:12.6.2"
  dependencies:
    "@polkadot/x-global": 12.6.2
    tslib: ^2.6.2
  checksum: c7e4b7f7ff943095a96bef3e3e56216d33d6ff38c965931356a06d01594b2c523ccbeada697a31b5457b134e578618f35425e0883f45187adffa98df99a45f27
  languageName: node
  linkType: hard

"@polkadot/x-textencoder@npm:12.6.2":
  version: 12.6.2
  resolution: "@polkadot/x-textencoder@npm:12.6.2"
  dependencies:
    "@polkadot/x-global": 12.6.2
    tslib: ^2.6.2
  checksum: d3eacdc0eb2e1ef8b8132d52a1f1033be62bc64360753a117f2e6517ccf7c9cde628558bbd016a73836eacd91cb1e2ac382dce0ce9c8d32c2f7db3fcc8863911
  languageName: node
  linkType: hard

"@polkadot/x-ws@npm:^12.6.2":
  version: 12.6.2
  resolution: "@polkadot/x-ws@npm:12.6.2"
  dependencies:
    "@polkadot/x-global": 12.6.2
    tslib: ^2.6.2
    ws: ^8.15.1
  checksum: a6bddc7ac81690f222fbc192f87f2d9b951d67414ea31a0377fb20844db8fde05d7771df5291633417aa4616bf968a31005ff22d416b2d4fecda2109f820abf7
  languageName: node
  linkType: hard

"@scure/base@npm:^1.1.5":
  version: 1.1.5
  resolution: "@scure/base@npm:1.1.5"
  checksum: 9e9ee6088cb3aa0fb91f5a48497d26682c7829df3019b1251d088d166d7a8c0f941c68aaa8e7b96bbad20c71eb210397cb1099062cde3e29d4bad6b975c18519
  languageName: node
  linkType: hard

"@substrate/connect-extension-protocol@npm:^1.0.1":
  version: 1.0.1
  resolution: "@substrate/connect-extension-protocol@npm:1.0.1"
  checksum: 116dee587e81e832e14c25038bd849438c9493c6089aa6c1bf1760780d463880d44d362ed983d57ac3695368ac46f3c9df3dbaed92f36de89626c9735cecd1e4
  languageName: node
  linkType: hard

"@substrate/connect@npm:0.7.35":
  version: 0.7.35
  resolution: "@substrate/connect@npm:0.7.35"
  dependencies:
    "@substrate/connect-extension-protocol": ^1.0.1
    smoldot: 2.0.7
  checksum: 4f0cfb2b9521c5300cbcc0245e87b72484738e6cc8103ddf91e3516f627de546d0a152839824ac2716b8ea2f327f3eee0f74a9a07886ed4a091e3b7c1e989441
  languageName: node
  linkType: hard

"@substrate/ss58-registry@npm:^1.44.0":
  version: 1.46.0
  resolution: "@substrate/ss58-registry@npm:1.46.0"
  checksum: 10e9bfd8d509abf78759d3e62cc41de515fc832dc2eab503071dda4cf0fb71c9d52247d0c32f93af6f8c4463add50d7f7f3483b52cbf43de621ac255226efb5f
  languageName: node
  linkType: hard

"@types/bn.js@npm:^5.1.5":
  version: 5.1.5
  resolution: "@types/bn.js@npm:5.1.5"
  dependencies:
    "@types/node": "*"
  checksum: c87b28c4af74545624f8a3dae5294b16aa190c222626e8d4b2e327b33b1a3f1eeb43e7a24d914a9774bca43d8cd6e1cb0325c1f4b3a244af6693a024e1d918e6
  languageName: node
  linkType: hard

"@types/node@npm:*":
  version: 20.8.6
  resolution: "@types/node@npm:20.8.6"
  dependencies:
    undici-types: ~5.25.1
  checksum: ccfb7ac482c5a96edeb239893c5c099f5257fcc2ed9ae62fefdfbc782b79e16dbc2af9a85b379665237bf759904b44ca2be68e75d239e0297882aad42f61905c
  languageName: node
  linkType: hard

"bn.js@npm:^5.2.1":
  version: 5.2.1
  resolution: "bn.js@npm:5.2.1"
  checksum: 3dd8c8d38055fedfa95c1d5fc3c99f8dd547b36287b37768db0abab3c239711f88ff58d18d155dd8ad902b0b0cee973747b7ae20ea12a09473272b0201c9edd3
  languageName: node
  linkType: hard

"data-uri-to-buffer@npm:^4.0.0":
  version: 4.0.1
  resolution: "data-uri-to-buffer@npm:4.0.1"
  checksum: 0d0790b67ffec5302f204c2ccca4494f70b4e2d940fea3d36b09f0bb2b8539c2e86690429eb1f1dc4bcc9e4df0644193073e63d9ee48ac9fce79ec1506e4aa4c
  languageName: node
  linkType: hard

"debug@npm:^4.1.0":
  version: 4.3.4
  resolution: "debug@npm:4.3.4"
  dependencies:
    ms: 2.1.2
  peerDependenciesMeta:
    supports-color:
      optional: true
  checksum: 3dbad3f94ea64f34431a9cbf0bafb61853eda57bff2880036153438f50fb5a84f27683ba0d8e5426bf41a8c6ff03879488120cf5b3a761e77953169c0600a708
  languageName: node
  linkType: hard

"eventemitter3@npm:^5.0.1":
  version: 5.0.1
  resolution: "eventemitter3@npm:5.0.1"
  checksum: 543d6c858ab699303c3c32e0f0f47fc64d360bf73c3daf0ac0b5079710e340d6fe9f15487f94e66c629f5f82cd1a8678d692f3dbb6f6fcd1190e1b97fcad36f8
  languageName: node
  linkType: hard

"fetch-blob@npm:^3.1.2, fetch-blob@npm:^3.1.4":
  version: 3.2.0
  resolution: "fetch-blob@npm:3.2.0"
  dependencies:
    node-domexception: ^1.0.0
    web-streams-polyfill: ^3.0.3
  checksum: f19bc28a2a0b9626e69fd7cf3a05798706db7f6c7548da657cbf5026a570945f5eeaedff52007ea35c8bcd3d237c58a20bf1543bc568ab2422411d762dd3d5bf
  languageName: node
  linkType: hard

"formdata-polyfill@npm:^4.0.10":
  version: 4.0.10
  resolution: "formdata-polyfill@npm:4.0.10"
  dependencies:
    fetch-blob: ^3.1.2
  checksum: 82a34df292afadd82b43d4a740ce387bc08541e0a534358425193017bf9fb3567875dc5f69564984b1da979979b70703aa73dee715a17b6c229752ae736dd9db
  languageName: node
  linkType: hard

"json-stringify-safe@npm:^5.0.1":
  version: 5.0.1
  resolution: "json-stringify-safe@npm:5.0.1"
  checksum: 48ec0adad5280b8a96bb93f4563aa1667fd7a36334f79149abd42446d0989f2ddc58274b479f4819f1f00617957e6344c886c55d05a4e15ebb4ab931e4a6a8ee
  languageName: node
  linkType: hard

"mock-socket@npm:^9.3.1":
  version: 9.3.1
  resolution: "mock-socket@npm:9.3.1"
  checksum: cb2dde4fc5dde280dd5ccb78eaaa223382ee16437f46b86558017655584ad08c22e733bde2dd5cc86927def506b6caeb0147e3167b9a62d70d5cf19d44103853
  languageName: node
  linkType: hard

"ms@npm:2.1.2":
  version: 2.1.2
  resolution: "ms@npm:2.1.2"
  checksum: 673cdb2c3133eb050c745908d8ce632ed2c02d85640e2edb3ace856a2266a813b30c613569bf3354fdf4ea7d1a1494add3bfa95e2713baa27d0c2c71fc44f58f
  languageName: node
  linkType: hard

"nock@npm:^13.4.0":
  version: 13.5.1
  resolution: "nock@npm:13.5.1"
  dependencies:
    debug: ^4.1.0
    json-stringify-safe: ^5.0.1
    propagate: ^2.0.0
  checksum: d7e33e92ef1af2c2302af411e4f9c98d53aefb3b6729de487e051281d1547e910ccd1aeb6d251fa1af70046cc28aa6f3a43c1964eff94cb75fb470bd84ffe081
  languageName: node
  linkType: hard

"node-domexception@npm:^1.0.0":
  version: 1.0.0
  resolution: "node-domexception@npm:1.0.0"
  checksum: ee1d37dd2a4eb26a8a92cd6b64dfc29caec72bff5e1ed9aba80c294f57a31ba4895a60fd48347cf17dd6e766da0ae87d75657dfd1f384ebfa60462c2283f5c7f
  languageName: node
  linkType: hard

"node-fetch@npm:^3.3.2":
  version: 3.3.2
  resolution: "node-fetch@npm:3.3.2"
  dependencies:
    data-uri-to-buffer: ^4.0.0
    fetch-blob: ^3.1.4
    formdata-polyfill: ^4.0.10
  checksum: 06a04095a2ddf05b0830a0d5302699704d59bda3102894ea64c7b9d4c865ecdff2d90fd042df7f5bc40337266961cb6183dcc808ea4f3000d024f422b462da92
  languageName: node
  linkType: hard

"polkadot-js@workspace:.":
  version: 0.0.0-use.local
  resolution: "polkadot-js@workspace:."
  dependencies:
    "@polkadot/api": ^10.11.2
    "@polkadot/keyring": ^12.6.2
    "@polkadot/types": ^10.11.2
    "@polkadot/util-crypto": ^12.6.2
  languageName: unknown
  linkType: soft

"propagate@npm:^2.0.0":
  version: 2.0.1
  resolution: "propagate@npm:2.0.1"
  checksum: c4febaee2be0979e82fb6b3727878fd122a98d64a7fa3c9d09b0576751b88514a9e9275b1b92e76b364d488f508e223bd7e1dcdc616be4cdda876072fbc2a96c
  languageName: node
  linkType: hard

"rxjs@npm:^7.8.1":
  version: 7.8.1
  resolution: "rxjs@npm:7.8.1"
  dependencies:
    tslib: ^2.1.0
  checksum: de4b53db1063e618ec2eca0f7965d9137cabe98cf6be9272efe6c86b47c17b987383df8574861bcced18ebd590764125a901d5506082be84a8b8e364bf05f119
  languageName: node
  linkType: hard

"smoldot@npm:2.0.7":
  version: 2.0.7
  resolution: "smoldot@npm:2.0.7"
  dependencies:
    ws: ^8.8.1
  checksum: fc039bfa0560312ae09c2136dd506f2a1994ead804b7234b49b2ecfac2fd19d306973a0fcfb66019645a8cf9a1702c270bc544a622ae40b63cf14790ea3531e0
  languageName: node
  linkType: hard

"tslib@npm:^2.1.0, tslib@npm:^2.6.2":
  version: 2.6.2
  resolution: "tslib@npm:2.6.2"
  checksum: 329ea56123005922f39642318e3d1f0f8265d1e7fcb92c633e0809521da75eeaca28d2cf96d7248229deb40e5c19adf408259f4b9640afd20d13aecc1430f3ad
  languageName: node
  linkType: hard

"undici-types@npm:~5.25.1":
  version: 5.25.3
  resolution: "undici-types@npm:5.25.3"
  checksum: ec9d2cc36520cbd9fbe3b3b6c682a87fe5be214699e1f57d1e3d9a2cb5be422e62735f06e0067dc325fd3dd7404c697e4d479f9147dc8a804e049e29f357f2ff
  languageName: node
  linkType: hard

"web-streams-polyfill@npm:^3.0.3":
  version: 3.2.1
  resolution: "web-streams-polyfill@npm:3.2.1"
  checksum: b119c78574b6d65935e35098c2afdcd752b84268e18746606af149e3c424e15621b6f1ff0b42b2676dc012fc4f0d313f964b41a4b5031e525faa03997457da02
  languageName: node
  linkType: hard

"ws@npm:^8.15.1":
  version: 8.16.0
  resolution: "ws@npm:8.16.0"
  peerDependencies:
    bufferutil: ^4.0.1
    utf-8-validate: ">=5.0.2"
  peerDependenciesMeta:
    bufferutil:
      optional: true
    utf-8-validate:
      optional: true
  checksum: feb3eecd2bae82fa8a8beef800290ce437d8b8063bdc69712725f21aef77c49cb2ff45c6e5e7fce622248f9c7abaee506bae0a9064067ffd6935460c7357321b
  languageName: node
  linkType: hard

"ws@npm:^8.8.1":
  version: 8.14.2
  resolution: "ws@npm:8.14.2"
  peerDependencies:
    bufferutil: ^4.0.1
    utf-8-validate: ">=5.0.2"
  peerDependenciesMeta:
    bufferutil:
      optional: true
    utf-8-validate:
      optional: true
  checksum: 3ca0dad26e8cc6515ff392b622a1467430814c463b3368b0258e33696b1d4bed7510bc7030f7b72838b9fdeb8dbd8839cbf808367d6aae2e1d668ce741d4308b
  languageName: node
  linkType: hard
