# This file is generated by running "yarn install" inside your project.
# Manual changes might be lost - proceed with caution!

__metadata:
  version: 6
  cacheKey: 8

"@noble/curves@npm:^1.3.0":
  version: 1.3.0
  resolution: "@noble/curves@npm:1.3.0"
  dependencies:
    "@noble/hashes": 1.3.3
  checksum: b65342ee66c4a440eee2978524412eabba9a9efdd16d6370e15218c6a7d80bddf35e66bb57ed52c0dfd32cb9a717b439ab3a72db618f1a0066dfebe3fd12a421
  languageName: node
  linkType: hard

"@noble/hashes@npm:1.3.3, @noble/hashes@npm:^1.3.3":
  version: 1.3.3
  resolution: "@noble/hashes@npm:1.3.3"
  checksum: 8a6496d1c0c64797339bc694ad06cdfaa0f9e56cd0c3f68ae3666cfb153a791a55deb0af9c653c7ed2db64d537aa3e3054629740d2f2338bb1dcb7ab60cd205b
  languageName: node
  linkType: hard

"@noble/hashes@npm:^1.3.1":
  version: 1.4.0
  resolution: "@noble/hashes@npm:1.4.0"
  checksum: 8ba816ae26c90764b8c42493eea383716396096c5f7ba6bea559993194f49d80a73c081f315f4c367e51bd2d5891700bcdfa816b421d24ab45b41cb03e4f3342
  languageName: node
  linkType: hard

"@polkadot-api/client@npm:0.0.1-492c132563ea6b40ae1fc5470dec4cd18768d182.1.0":
  version: 0.0.1-492c132563ea6b40ae1fc5470dec4cd18768d182.1.0
  resolution: "@polkadot-api/client@npm:0.0.1-492c132563ea6b40ae1fc5470dec4cd18768d182.1.0"
  dependencies:
    "@polkadot-api/metadata-builders": 0.0.1-492c132563ea6b40ae1fc5470dec4cd18768d182.1.0
    "@polkadot-api/substrate-bindings": 0.0.1-492c132563ea6b40ae1fc5470dec4cd18768d182.1.0
    "@polkadot-api/substrate-client": 0.0.1-492c132563ea6b40ae1fc5470dec4cd18768d182.1.0
    "@polkadot-api/utils": 0.0.1-492c132563ea6b40ae1fc5470dec4cd18768d182.1.0
  peerDependencies:
    rxjs: ">=7.8.0"
  checksum: 98529e8088a4cdbc63a02c87b47f4de1373fb5ce7c0231da1b32baf8125256a6125848a90edf12f93db86bb72f61017d9a23cf0697cc97c8568c491ff64e68fc
  languageName: node
  linkType: hard

"@polkadot-api/json-rpc-provider-proxy@npm:0.0.1-492c132563ea6b40ae1fc5470dec4cd18768d182.1.0":
  version: 0.0.1-492c132563ea6b40ae1fc5470dec4cd18768d182.1.0
  resolution: "@polkadot-api/json-rpc-provider-proxy@npm:0.0.1-492c132563ea6b40ae1fc5470dec4cd18768d182.1.0"
  checksum: 4c47c978806bc62fff1b5788241cd59457d62ebe347b401b0a621d56d301f7b205aeb20ade24b67c2a5d63a497738694cb4030f79d5009460d17a546e8723f81
  languageName: node
  linkType: hard

"@polkadot-api/json-rpc-provider@npm:0.0.1-492c132563ea6b40ae1fc5470dec4cd18768d182.1.0":
  version: 0.0.1-492c132563ea6b40ae1fc5470dec4cd18768d182.1.0
  resolution: "@polkadot-api/json-rpc-provider@npm:0.0.1-492c132563ea6b40ae1fc5470dec4cd18768d182.1.0"
  checksum: 00d4e1f7900a1739e1ba7a3b13d399e5540a27d5c026c985aa4afdf865fb37da4aa4029a3a740932615482cdf18e657011ef05e7e61c2de04016f68fbb343ae7
  languageName: node
  linkType: hard

"@polkadot-api/metadata-builders@npm:0.0.1-492c132563ea6b40ae1fc5470dec4cd18768d182.1.0":
  version: 0.0.1-492c132563ea6b40ae1fc5470dec4cd18768d182.1.0
  resolution: "@polkadot-api/metadata-builders@npm:0.0.1-492c132563ea6b40ae1fc5470dec4cd18768d182.1.0"
  dependencies:
    "@polkadot-api/substrate-bindings": 0.0.1-492c132563ea6b40ae1fc5470dec4cd18768d182.1.0
    "@polkadot-api/utils": 0.0.1-492c132563ea6b40ae1fc5470dec4cd18768d182.1.0
  checksum: 7fb6264fbe7a49c8f8848fb36f51fa9882c504fc026b0ac28cf2d83890cfa2c2ce7a3dd8c01aed28b991cb4d4a64910557111afe8792375aea2aba1b2aabe233
  languageName: node
  linkType: hard

"@polkadot-api/substrate-bindings@npm:0.0.1-492c132563ea6b40ae1fc5470dec4cd18768d182.1.0":
  version: 0.0.1-492c132563ea6b40ae1fc5470dec4cd18768d182.1.0
  resolution: "@polkadot-api/substrate-bindings@npm:0.0.1-492c132563ea6b40ae1fc5470dec4cd18768d182.1.0"
  dependencies:
    "@noble/hashes": ^1.3.1
    "@polkadot-api/utils": 0.0.1-492c132563ea6b40ae1fc5470dec4cd18768d182.1.0
    "@scure/base": ^1.1.1
    scale-ts: ^1.6.0
  checksum: 3640063696c4655522587bdb4f2ca99eb2772ee13236965418bf6e97026a1c52cec8a5996560eedac453365e96b51e35283464b4dda0d28d9deb398fe8c3551c
  languageName: node
  linkType: hard

"@polkadot-api/substrate-client@npm:0.0.1-492c132563ea6b40ae1fc5470dec4cd18768d182.1.0":
  version: 0.0.1-492c132563ea6b40ae1fc5470dec4cd18768d182.1.0
  resolution: "@polkadot-api/substrate-client@npm:0.0.1-492c132563ea6b40ae1fc5470dec4cd18768d182.1.0"
  checksum: 3e04f430be68d54173a3b3c1fae33f3cfe2e61c959eb431f89bd306500b9da7e009c02553cf2464a6eb15c5bbe7aa27c45f6ea1371bbfcdddc08519dedcaf4a3
  languageName: node
  linkType: hard

"@polkadot-api/utils@npm:0.0.1-492c132563ea6b40ae1fc5470dec4cd18768d182.1.0":
  version: 0.0.1-492c132563ea6b40ae1fc5470dec4cd18768d182.1.0
  resolution: "@polkadot-api/utils@npm:0.0.1-492c132563ea6b40ae1fc5470dec4cd18768d182.1.0"
  checksum: 0bf7b078a53f1eaf2f4cec3c41f3e82fc5afb4a347dcbc7b538723aeb1b4893834a2f1aeed425443a25ee0e1a6472c85d8be600e73a6d25ea16a0748d25c00bf
  languageName: node
  linkType: hard

"@polkadot/api-augment@npm:10.13.1":
  version: 10.13.1
  resolution: "@polkadot/api-augment@npm:10.13.1"
  dependencies:
    "@polkadot/api-base": 10.13.1
    "@polkadot/rpc-augment": 10.13.1
    "@polkadot/types": 10.13.1
    "@polkadot/types-augment": 10.13.1
    "@polkadot/types-codec": 10.13.1
    "@polkadot/util": ^12.6.2
    tslib: ^2.6.2
  checksum: e72db9d7a2a3e4a84ad38f4da0e1d979750e47d46ffb00c449a1b08ded2b71eede74e20bf1a4e771fabf119d937b81080b8d15db860d4b5c7b068a33f9f5493a
  languageName: node
  linkType: hard

"@polkadot/api-base@npm:10.13.1":
  version: 10.13.1
  resolution: "@polkadot/api-base@npm:10.13.1"
  dependencies:
    "@polkadot/rpc-core": 10.13.1
    "@polkadot/types": 10.13.1
    "@polkadot/util": ^12.6.2
    rxjs: ^7.8.1
    tslib: ^2.6.2
  checksum: ba2001ca2336f76788c3d34298086475ec45a2a848a97a9528ff55fb880e3680ab12e240f9d785fdde6e5f9f5c93b353bd1b4292aaa51b261ab07565ab4149da
  languageName: node
  linkType: hard

"@polkadot/api-derive@npm:10.13.1":
  version: 10.13.1
  resolution: "@polkadot/api-derive@npm:10.13.1"
  dependencies:
    "@polkadot/api": 10.13.1
    "@polkadot/api-augment": 10.13.1
    "@polkadot/api-base": 10.13.1
    "@polkadot/rpc-core": 10.13.1
    "@polkadot/types": 10.13.1
    "@polkadot/types-codec": 10.13.1
    "@polkadot/util": ^12.6.2
    "@polkadot/util-crypto": ^12.6.2
    rxjs: ^7.8.1
    tslib: ^2.6.2
  checksum: c0e5ed91515a0572e0685623d972327c1affeff4f0b7b49d1ae1ad1dc97594891989a528fe3dde05127bac3119b42ae0303d3fbcdf4c34eef63e859a66055730
  languageName: node
  linkType: hard

"@polkadot/api@npm:10.13.1, @polkadot/api@npm:^10.13.1":
  version: 10.13.1
  resolution: "@polkadot/api@npm:10.13.1"
  dependencies:
    "@polkadot/api-augment": 10.13.1
    "@polkadot/api-base": 10.13.1
    "@polkadot/api-derive": 10.13.1
    "@polkadot/keyring": ^12.6.2
    "@polkadot/rpc-augment": 10.13.1
    "@polkadot/rpc-core": 10.13.1
    "@polkadot/rpc-provider": 10.13.1
    "@polkadot/types": 10.13.1
    "@polkadot/types-augment": 10.13.1
    "@polkadot/types-codec": 10.13.1
    "@polkadot/types-create": 10.13.1
    "@polkadot/types-known": 10.13.1
    "@polkadot/util": ^12.6.2
    "@polkadot/util-crypto": ^12.6.2
    eventemitter3: ^5.0.1
    rxjs: ^7.8.1
    tslib: ^2.6.2
  checksum: 1b2b6bea2ac649e081103bfe221cdb576f084c6e8c88ff8893c63dae81c6f456a4237d0aac6915633c4749dac017490672dade5d76dad151bd79f6966c4291bf
  languageName: node
  linkType: hard

"@polkadot/keyring@npm:^12.6.2":
  version: 12.6.2
  resolution: "@polkadot/keyring@npm:12.6.2"
  dependencies:
    "@polkadot/util": 12.6.2
    "@polkadot/util-crypto": 12.6.2
    tslib: ^2.6.2
  peerDependencies:
    "@polkadot/util": 12.6.2
    "@polkadot/util-crypto": 12.6.2
  checksum: b8591690cdd2b9c0fea5de88efe0be19190466572ecb696cc284eec61343b1a2fe0b61a7cfad54933730a132f65d7444619bcb2c8620f38bc0246bfaaa5026f4
  languageName: node
  linkType: hard

"@polkadot/networks@npm:12.6.2, @polkadot/networks@npm:^12.6.2":
  version: 12.6.2
  resolution: "@polkadot/networks@npm:12.6.2"
  dependencies:
    "@polkadot/util": 12.6.2
    "@substrate/ss58-registry": ^1.44.0
    tslib: ^2.6.2
  checksum: 7f3dbdd02d8429f82c36ce284ca279af663d45c1a40ce4ce1e38ec2a06fc9d6d27c66d374f32b91ae3058257f33d60701481c9e95ceab19bd2eb70d83465b026
  languageName: node
  linkType: hard

"@polkadot/rpc-augment@npm:10.13.1":
  version: 10.13.1
  resolution: "@polkadot/rpc-augment@npm:10.13.1"
  dependencies:
    "@polkadot/rpc-core": 10.13.1
    "@polkadot/types": 10.13.1
    "@polkadot/types-codec": 10.13.1
    "@polkadot/util": ^12.6.2
    tslib: ^2.6.2
  checksum: c68bfb43d7954205c469e575c25c4a82d3bc2b19a00d203d0f58a4271343077dad1b905eca91f1e26cb3a38fe03f411f5be73c610a151614b9c2693abcf33fcc
  languageName: node
  linkType: hard

"@polkadot/rpc-core@npm:10.13.1":
  version: 10.13.1
  resolution: "@polkadot/rpc-core@npm:10.13.1"
  dependencies:
    "@polkadot/rpc-augment": 10.13.1
    "@polkadot/rpc-provider": 10.13.1
    "@polkadot/types": 10.13.1
    "@polkadot/util": ^12.6.2
    rxjs: ^7.8.1
    tslib: ^2.6.2
  checksum: 0fcf03c8db6da394e4aa28df64d9a2c0abe9be04128df85dc0e2462a993f982d1f6d8fc59f7e58578a4acc11108ba67414cce233dfd9f6d088c3a5878d4cc2a8
  languageName: node
  linkType: hard

"@polkadot/rpc-provider@npm:10.13.1":
  version: 10.13.1
  resolution: "@polkadot/rpc-provider@npm:10.13.1"
  dependencies:
    "@polkadot/keyring": ^12.6.2
    "@polkadot/types": 10.13.1
    "@polkadot/types-support": 10.13.1
    "@polkadot/util": ^12.6.2
    "@polkadot/util-crypto": ^12.6.2
    "@polkadot/x-fetch": ^12.6.2
    "@polkadot/x-global": ^12.6.2
    "@polkadot/x-ws": ^12.6.2
    "@substrate/connect": 0.8.8
    eventemitter3: ^5.0.1
    mock-socket: ^9.3.1
    nock: ^13.5.0
    tslib: ^2.6.2
  dependenciesMeta:
    "@substrate/connect":
      optional: true
  checksum: ea254d36c5bcc919869851e9c08683a1f63d79ed6903485864f49a4c984dfdd9c2f10cc816036e54b930d64b8e7965a4bf360e6333b9641d1cfeccd829410777
  languageName: node
  linkType: hard

"@polkadot/types-augment@npm:10.13.1":
  version: 10.13.1
  resolution: "@polkadot/types-augment@npm:10.13.1"
  dependencies:
    "@polkadot/types": 10.13.1
    "@polkadot/types-codec": 10.13.1
    "@polkadot/util": ^12.6.2
    tslib: ^2.6.2
  checksum: 653ff88c10cc6b6399bd5f54e6fd5c434b7a0e37d3a60d73a7b24a258544aad959907d8d78f347015a2d8006444419d94cd1e5b38c4a20179aba5726407a9998
  languageName: node
  linkType: hard

"@polkadot/types-codec@npm:10.13.1":
  version: 10.13.1
  resolution: "@polkadot/types-codec@npm:10.13.1"
  dependencies:
    "@polkadot/util": ^12.6.2
    "@polkadot/x-bigint": ^12.6.2
    tslib: ^2.6.2
  checksum: 5f5dadd0cde5686c19aab5042180e54bd9496505063bd873014773c6304c57b80903876162a3e87183487570a6a3e69c707b1ca99f4e6272f7c2c1c9588b9b66
  languageName: node
  linkType: hard

"@polkadot/types-create@npm:10.13.1":
  version: 10.13.1
  resolution: "@polkadot/types-create@npm:10.13.1"
  dependencies:
    "@polkadot/types-codec": 10.13.1
    "@polkadot/util": ^12.6.2
    tslib: ^2.6.2
  checksum: 8bba9e0f5b02080c4f1e4bedd3043e136c5ce23d28d8710e274fd571254dc01d0b845177c9321150d7fdb6f745bb7a259eee863337675070891e54a255e3c103
  languageName: node
  linkType: hard

"@polkadot/types-known@npm:10.13.1":
  version: 10.13.1
  resolution: "@polkadot/types-known@npm:10.13.1"
  dependencies:
    "@polkadot/networks": ^12.6.2
    "@polkadot/types": 10.13.1
    "@polkadot/types-codec": 10.13.1
    "@polkadot/types-create": 10.13.1
    "@polkadot/util": ^12.6.2
    tslib: ^2.6.2
  checksum: c443fff703ab864440f626852badd1b6a80920bc9ed2efc104247bd9e98f66e74ee8227bea8a4a43cf442665a16456e4a31afd9e98ad1a9e17b49e1119d103ee
  languageName: node
  linkType: hard

"@polkadot/types-support@npm:10.13.1":
  version: 10.13.1
  resolution: "@polkadot/types-support@npm:10.13.1"
  dependencies:
    "@polkadot/util": ^12.6.2
    tslib: ^2.6.2
  checksum: c9b14b6c08922292f08f37a46f1c87973383f8fa657b695212595e839681aeff26b92f686dec2a6ae30bd77083e42674283ad2382f713850cdb95823725bd81d
  languageName: node
  linkType: hard

"@polkadot/types@npm:10.13.1, @polkadot/types@npm:^10.13.1":
  version: 10.13.1
  resolution: "@polkadot/types@npm:10.13.1"
  dependencies:
    "@polkadot/keyring": ^12.6.2
    "@polkadot/types-augment": 10.13.1
    "@polkadot/types-codec": 10.13.1
    "@polkadot/types-create": 10.13.1
    "@polkadot/util": ^12.6.2
    "@polkadot/util-crypto": ^12.6.2
    rxjs: ^7.8.1
    tslib: ^2.6.2
  checksum: d1e7b582f7a8c50ab1944d719c8ef29e9b77c07bf89635f028db38192229dce213b11874923e50d102016b197d687170d9a33445be97e78505da474bd1c87d1e
  languageName: node
  linkType: hard

"@polkadot/util-crypto@npm:12.6.2, @polkadot/util-crypto@npm:^12.6.2":
  version: 12.6.2
  resolution: "@polkadot/util-crypto@npm:12.6.2"
  dependencies:
    "@noble/curves": ^1.3.0
    "@noble/hashes": ^1.3.3
    "@polkadot/networks": 12.6.2
    "@polkadot/util": 12.6.2
    "@polkadot/wasm-crypto": ^7.3.2
    "@polkadot/wasm-util": ^7.3.2
    "@polkadot/x-bigint": 12.6.2
    "@polkadot/x-randomvalues": 12.6.2
    "@scure/base": ^1.1.5
    tslib: ^2.6.2
  peerDependencies:
    "@polkadot/util": 12.6.2
  checksum: 63d4bd9bdc3a7089a0a68555cd6a510b8da3cfab142a8f96ba4b43d5d1db2a543433079bc88c2daf15a329d19ba2cc60f6cca6dbebaefd25e96169cb6343794b
  languageName: node
  linkType: hard

"@polkadot/util@npm:12.6.2, @polkadot/util@npm:^12.6.2":
  version: 12.6.2
  resolution: "@polkadot/util@npm:12.6.2"
  dependencies:
    "@polkadot/x-bigint": 12.6.2
    "@polkadot/x-global": 12.6.2
    "@polkadot/x-textdecoder": 12.6.2
    "@polkadot/x-textencoder": 12.6.2
    "@types/bn.js": ^5.1.5
    bn.js: ^5.2.1
    tslib: ^2.6.2
  checksum: a42a226f3c299026458d82e48516abf59c1cd8638167edaa3fc1a17aec0ebab203e0ad68a096a4a4fa188afd55093535a98e5083d682a79242a3c5ad79342599
  languageName: node
  linkType: hard

"@polkadot/wasm-bridge@npm:7.3.2":
  version: 7.3.2
  resolution: "@polkadot/wasm-bridge@npm:7.3.2"
  dependencies:
    "@polkadot/wasm-util": 7.3.2
    tslib: ^2.6.2
  peerDependencies:
    "@polkadot/util": "*"
    "@polkadot/x-randomvalues": "*"
  checksum: 8c68b78cbd62347ebdf3fa66f2ffd1f7e883df71d770f5099ff652b083a79f1d7e9e7826a6acd8e986e9da0b07c0170a3f77b6a35726c6b24d856e3f8d08d201
  languageName: node
  linkType: hard

"@polkadot/wasm-crypto-asmjs@npm:7.3.2":
  version: 7.3.2
  resolution: "@polkadot/wasm-crypto-asmjs@npm:7.3.2"
  dependencies:
    tslib: ^2.6.2
  peerDependencies:
    "@polkadot/util": "*"
  checksum: 669ea001565301f9b1a8feecb0e301c854fc318e5605316b57be7e83d717e7ee8ac460001cd44b18075a3d028c32c4a605c0e0e2e95ae00865282321b009ed26
  languageName: node
  linkType: hard

"@polkadot/wasm-crypto-init@npm:7.3.2":
  version: 7.3.2
  resolution: "@polkadot/wasm-crypto-init@npm:7.3.2"
  dependencies:
    "@polkadot/wasm-bridge": 7.3.2
    "@polkadot/wasm-crypto-asmjs": 7.3.2
    "@polkadot/wasm-crypto-wasm": 7.3.2
    "@polkadot/wasm-util": 7.3.2
    tslib: ^2.6.2
  peerDependencies:
    "@polkadot/util": "*"
    "@polkadot/x-randomvalues": "*"
  checksum: af7bc62bba16f1fbbfd76601ecf18ed8f4dfc685807e2e89ef8e8d02f824d1a1ed1635e9c2448c6c12a9a183192b18943f9ce077d6b7781c4d43cdb5c45c9161
  languageName: node
  linkType: hard

"@polkadot/wasm-crypto-wasm@npm:7.3.2":
  version: 7.3.2
  resolution: "@polkadot/wasm-crypto-wasm@npm:7.3.2"
  dependencies:
    "@polkadot/wasm-util": 7.3.2
    tslib: ^2.6.2
  peerDependencies:
    "@polkadot/util": "*"
  checksum: e112ea3d4f8858a95fdaad47341b422db3db3256b7e7d709d1c3e0bc4c4bbdf81028eaa556b688078b32ff15be33af093b903c680f54eb1552072afede621a6a
  languageName: node
  linkType: hard

"@polkadot/wasm-crypto@npm:^7.3.2":
  version: 7.3.2
  resolution: "@polkadot/wasm-crypto@npm:7.3.2"
  dependencies:
    "@polkadot/wasm-bridge": 7.3.2
    "@polkadot/wasm-crypto-asmjs": 7.3.2
    "@polkadot/wasm-crypto-init": 7.3.2
    "@polkadot/wasm-crypto-wasm": 7.3.2
    "@polkadot/wasm-util": 7.3.2
    tslib: ^2.6.2
  peerDependencies:
    "@polkadot/util": "*"
    "@polkadot/x-randomvalues": "*"
  checksum: 574006cdcc3e76af28cc79102726a79fdcd765ca5b45cbc4807d70917d82131b59f50b5cc07bd165b2863ed131b8764fef74b00c68ba5ec30a21c04c72061f8f
  languageName: node
  linkType: hard

"@polkadot/wasm-util@npm:7.3.2, @polkadot/wasm-util@npm:^7.3.2":
  version: 7.3.2
  resolution: "@polkadot/wasm-util@npm:7.3.2"
  dependencies:
    tslib: ^2.6.2
  peerDependencies:
    "@polkadot/util": "*"
  checksum: 44bd445043714aac6d184ce02d62fbdb97a117fd4d8bdbf3f2c1d14f6911a7d87ed6bb4682035eb757524ade995f7f4f8aaa07c8a194f761884ded25a6b383a9
  languageName: node
  linkType: hard

"@polkadot/x-bigint@npm:12.6.2, @polkadot/x-bigint@npm:^12.6.2":
  version: 12.6.2
  resolution: "@polkadot/x-bigint@npm:12.6.2"
  dependencies:
    "@polkadot/x-global": 12.6.2
    tslib: ^2.6.2
  checksum: 12b2d5c3a7b994f5bd4f7aeda9e268384b04bd080892400c65b88fb5aa4951df6c4abe3baf9820f3adf3da92e2add710858dd35dcd597d2527bbfd1cd0efe534
  languageName: node
  linkType: hard

"@polkadot/x-fetch@npm:^12.6.2":
  version: 12.6.2
  resolution: "@polkadot/x-fetch@npm:12.6.2"
  dependencies:
    "@polkadot/x-global": 12.6.2
    node-fetch: ^3.3.2
    tslib: ^2.6.2
  checksum: 2f0269b17ebbb907f4f4fa777898fd8ea16ecd37abfc2c0b69cfc49bd5ab0ed38cf836a4941e85f9100192f7005731a9a8c6b135799efd17b4261c3cc1ebf844
  languageName: node
  linkType: hard

"@polkadot/x-global@npm:12.6.2, @polkadot/x-global@npm:^12.6.2":
  version: 12.6.2
  resolution: "@polkadot/x-global@npm:12.6.2"
  dependencies:
    tslib: ^2.6.2
  checksum: eb17e039cb1668743c84f5eafbf518cf6248e93090e4877f81f338b418b3e6b0173f2414c62bd9cbe7bf8911ec566527ca7c49c4354ba90d57e62e90195329d0
  languageName: node
  linkType: hard

"@polkadot/x-randomvalues@npm:12.6.2":
  version: 12.6.2
  resolution: "@polkadot/x-randomvalues@npm:12.6.2"
  dependencies:
    "@polkadot/x-global": 12.6.2
    tslib: ^2.6.2
  peerDependencies:
    "@polkadot/util": 12.6.2
    "@polkadot/wasm-util": "*"
  checksum: 7faccf2dbcf0c7383b5ecfd7beb098c8c8ad5cf4c8f5bafd601657f8271af8f00b66741531ecf8b2f7c59911d96f77e358184a7c5034c70bf387a8e929a4c210
  languageName: node
  linkType: hard

"@polkadot/x-textdecoder@npm:12.6.2":
  version: 12.6.2
  resolution: "@polkadot/x-textdecoder@npm:12.6.2"
  dependencies:
    "@polkadot/x-global": 12.6.2
    tslib: ^2.6.2
  checksum: c7e4b7f7ff943095a96bef3e3e56216d33d6ff38c965931356a06d01594b2c523ccbeada697a31b5457b134e578618f35425e0883f45187adffa98df99a45f27
  languageName: node
  linkType: hard

"@polkadot/x-textencoder@npm:12.6.2":
  version: 12.6.2
  resolution: "@polkadot/x-textencoder@npm:12.6.2"
  dependencies:
    "@polkadot/x-global": 12.6.2
    tslib: ^2.6.2
  checksum: d3eacdc0eb2e1ef8b8132d52a1f1033be62bc64360753a117f2e6517ccf7c9cde628558bbd016a73836eacd91cb1e2ac382dce0ce9c8d32c2f7db3fcc8863911
  languageName: node
  linkType: hard

"@polkadot/x-ws@npm:^12.6.2":
  version: 12.6.2
  resolution: "@polkadot/x-ws@npm:12.6.2"
  dependencies:
    "@polkadot/x-global": 12.6.2
    tslib: ^2.6.2
    ws: ^8.15.1
  checksum: a6bddc7ac81690f222fbc192f87f2d9b951d67414ea31a0377fb20844db8fde05d7771df5291633417aa4616bf968a31005ff22d416b2d4fecda2109f820abf7
  languageName: node
  linkType: hard

"@scure/base@npm:^1.1.1":
  version: 1.1.6
  resolution: "@scure/base@npm:1.1.6"
  checksum: d6deaae91deba99e87939af9e55d80edba302674983f32bba57f942e22b1726a83c62dc50d8f4370a5d5d35a212dda167fb169f4b0d0c297488d8604608fc3d3
  languageName: node
  linkType: hard

"@scure/base@npm:^1.1.5":
  version: 1.1.5
  resolution: "@scure/base@npm:1.1.5"
  checksum: 9e9ee6088cb3aa0fb91f5a48497d26682c7829df3019b1251d088d166d7a8c0f941c68aaa8e7b96bbad20c71eb210397cb1099062cde3e29d4bad6b975c18519
  languageName: node
  linkType: hard

"@substrate/connect-extension-protocol@npm:^2.0.0":
  version: 2.0.0
  resolution: "@substrate/connect-extension-protocol@npm:2.0.0"
  checksum: a7c6ff3fefc0784f28b1d253514c1d2951684fe3d06392dfd70299fa2184fbe040d2bd6e0f113e30a1920920b649d43668aa4565847778ab3334c7e445e880cf
  languageName: node
  linkType: hard

"@substrate/connect-known-chains@npm:^1.1.1":
  version: 1.1.4
  resolution: "@substrate/connect-known-chains@npm:1.1.4"
  checksum: 235c732509391f12525ec740dbb8b8d4c5f56b7c7e71216c933e12974e0ad4f9664f7248a6d6db8b687c1c9fca9105398113ac7fd39515163ab6a9d5f7eba737
  languageName: node
  linkType: hard

"@substrate/connect@npm:0.8.8":
  version: 0.8.8
  resolution: "@substrate/connect@npm:0.8.8"
  dependencies:
    "@substrate/connect-extension-protocol": ^2.0.0
    "@substrate/connect-known-chains": ^1.1.1
    "@substrate/light-client-extension-helpers": ^0.0.4
    smoldot: 2.0.22
  checksum: c70e8be2a121278af6adbace1060d8f1063c898cbc43b34ce454154cca23cd056e2e8d84407fe49e1c347ff221de9b8e74fbaa18f8145a7e65fb20cd06000368
  languageName: node
  linkType: hard

"@substrate/light-client-extension-helpers@npm:^0.0.4":
  version: 0.0.4
  resolution: "@substrate/light-client-extension-helpers@npm:0.0.4"
  dependencies:
    "@polkadot-api/client": 0.0.1-492c132563ea6b40ae1fc5470dec4cd18768d182.1.0
    "@polkadot-api/json-rpc-provider": 0.0.1-492c132563ea6b40ae1fc5470dec4cd18768d182.1.0
    "@polkadot-api/json-rpc-provider-proxy": 0.0.1-492c132563ea6b40ae1fc5470dec4cd18768d182.1.0
    "@polkadot-api/substrate-client": 0.0.1-492c132563ea6b40ae1fc5470dec4cd18768d182.1.0
    "@substrate/connect-extension-protocol": ^2.0.0
    "@substrate/connect-known-chains": ^1.1.1
    rxjs: ^7.8.1
  peerDependencies:
    smoldot: 2.x
  checksum: 7ec22cbc13d6acd29e40d716f717942be6cfa0af896fccb6ad797b37908d21a6a56398d8ece6b1b79b956c61dc50978594fbc1e660cbfeb127cd60d58203e043
  languageName: node
  linkType: hard

"@substrate/ss58-registry@npm:^1.44.0":
  version: 1.46.0
  resolution: "@substrate/ss58-registry@npm:1.46.0"
  checksum: 10e9bfd8d509abf78759d3e62cc41de515fc832dc2eab503071dda4cf0fb71c9d52247d0c32f93af6f8c4463add50d7f7f3483b52cbf43de621ac255226efb5f
  languageName: node
  linkType: hard

"@types/bn.js@npm:^5.1.5":
  version: 5.1.5
  resolution: "@types/bn.js@npm:5.1.5"
  dependencies:
    "@types/node": "*"
  checksum: c87b28c4af74545624f8a3dae5294b16aa190c222626e8d4b2e327b33b1a3f1eeb43e7a24d914a9774bca43d8cd6e1cb0325c1f4b3a244af6693a024e1d918e6
  languageName: node
  linkType: hard

"@types/node@npm:*":
  version: 20.8.6
  resolution: "@types/node@npm:20.8.6"
  dependencies:
    undici-types: ~5.25.1
  checksum: ccfb7ac482c5a96edeb239893c5c099f5257fcc2ed9ae62fefdfbc782b79e16dbc2af9a85b379665237bf759904b44ca2be68e75d239e0297882aad42f61905c
  languageName: node
  linkType: hard

"bn.js@npm:^5.2.1":
  version: 5.2.1
  resolution: "bn.js@npm:5.2.1"
  checksum: 3dd8c8d38055fedfa95c1d5fc3c99f8dd547b36287b37768db0abab3c239711f88ff58d18d155dd8ad902b0b0cee973747b7ae20ea12a09473272b0201c9edd3
  languageName: node
  linkType: hard

"data-uri-to-buffer@npm:^4.0.0":
  version: 4.0.1
  resolution: "data-uri-to-buffer@npm:4.0.1"
  checksum: 0d0790b67ffec5302f204c2ccca4494f70b4e2d940fea3d36b09f0bb2b8539c2e86690429eb1f1dc4bcc9e4df0644193073e63d9ee48ac9fce79ec1506e4aa4c
  languageName: node
  linkType: hard

"debug@npm:^4.1.0":
  version: 4.3.4
  resolution: "debug@npm:4.3.4"
  dependencies:
    ms: 2.1.2
  peerDependenciesMeta:
    supports-color:
      optional: true
  checksum: 3dbad3f94ea64f34431a9cbf0bafb61853eda57bff2880036153438f50fb5a84f27683ba0d8e5426bf41a8c6ff03879488120cf5b3a761e77953169c0600a708
  languageName: node
  linkType: hard

"eventemitter3@npm:^5.0.1":
  version: 5.0.1
  resolution: "eventemitter3@npm:5.0.1"
  checksum: 543d6c858ab699303c3c32e0f0f47fc64d360bf73c3daf0ac0b5079710e340d6fe9f15487f94e66c629f5f82cd1a8678d692f3dbb6f6fcd1190e1b97fcad36f8
  languageName: node
  linkType: hard

"fetch-blob@npm:^3.1.2, fetch-blob@npm:^3.1.4":
  version: 3.2.0
  resolution: "fetch-blob@npm:3.2.0"
  dependencies:
    node-domexception: ^1.0.0
    web-streams-polyfill: ^3.0.3
  checksum: f19bc28a2a0b9626e69fd7cf3a05798706db7f6c7548da657cbf5026a570945f5eeaedff52007ea35c8bcd3d237c58a20bf1543bc568ab2422411d762dd3d5bf
  languageName: node
  linkType: hard

"formdata-polyfill@npm:^4.0.10":
  version: 4.0.10
  resolution: "formdata-polyfill@npm:4.0.10"
  dependencies:
    fetch-blob: ^3.1.2
  checksum: 82a34df292afadd82b43d4a740ce387bc08541e0a534358425193017bf9fb3567875dc5f69564984b1da979979b70703aa73dee715a17b6c229752ae736dd9db
  languageName: node
  linkType: hard

"json-stringify-safe@npm:^5.0.1":
  version: 5.0.1
  resolution: "json-stringify-safe@npm:5.0.1"
  checksum: 48ec0adad5280b8a96bb93f4563aa1667fd7a36334f79149abd42446d0989f2ddc58274b479f4819f1f00617957e6344c886c55d05a4e15ebb4ab931e4a6a8ee
  languageName: node
  linkType: hard

"mock-socket@npm:^9.3.1":
  version: 9.3.1
  resolution: "mock-socket@npm:9.3.1"
  checksum: cb2dde4fc5dde280dd5ccb78eaaa223382ee16437f46b86558017655584ad08c22e733bde2dd5cc86927def506b6caeb0147e3167b9a62d70d5cf19d44103853
  languageName: node
  linkType: hard

"ms@npm:2.1.2":
  version: 2.1.2
  resolution: "ms@npm:2.1.2"
  checksum: 673cdb2c3133eb050c745908d8ce632ed2c02d85640e2edb3ace856a2266a813b30c613569bf3354fdf4ea7d1a1494add3bfa95e2713baa27d0c2c71fc44f58f
  languageName: node
  linkType: hard

"nock@npm:^13.5.0":
  version: 13.5.4
  resolution: "nock@npm:13.5.4"
  dependencies:
    debug: ^4.1.0
    json-stringify-safe: ^5.0.1
    propagate: ^2.0.0
  checksum: d31f924e34c87ae985edfb7b5a56e8a4dcfc3a072334ceb6d686326581f93090b3e23492663a64ce61b8df4f365b113231d926bc300bcfe9e5eb309c3e4b8628
  languageName: node
  linkType: hard

"node-domexception@npm:^1.0.0":
  version: 1.0.0
  resolution: "node-domexception@npm:1.0.0"
  checksum: ee1d37dd2a4eb26a8a92cd6b64dfc29caec72bff5e1ed9aba80c294f57a31ba4895a60fd48347cf17dd6e766da0ae87d75657dfd1f384ebfa60462c2283f5c7f
  languageName: node
  linkType: hard

"node-fetch@npm:^3.3.2":
  version: 3.3.2
  resolution: "node-fetch@npm:3.3.2"
  dependencies:
    data-uri-to-buffer: ^4.0.0
    fetch-blob: ^3.1.4
    formdata-polyfill: ^4.0.10
  checksum: 06a04095a2ddf05b0830a0d5302699704d59bda3102894ea64c7b9d4c865ecdff2d90fd042df7f5bc40337266961cb6183dcc808ea4f3000d024f422b462da92
  languageName: node
  linkType: hard

"polkadot-js@workspace:.":
  version: 0.0.0-use.local
  resolution: "polkadot-js@workspace:."
  dependencies:
    "@polkadot/api": ^10.13.1
    "@polkadot/keyring": ^12.6.2
    "@polkadot/types": ^10.13.1
    "@polkadot/util-crypto": ^12.6.2
  languageName: unknown
  linkType: soft

"propagate@npm:^2.0.0":
  version: 2.0.1
  resolution: "propagate@npm:2.0.1"
  checksum: c4febaee2be0979e82fb6b3727878fd122a98d64a7fa3c9d09b0576751b88514a9e9275b1b92e76b364d488f508e223bd7e1dcdc616be4cdda876072fbc2a96c
  languageName: node
  linkType: hard

"rxjs@npm:^7.8.1":
  version: 7.8.1
  resolution: "rxjs@npm:7.8.1"
  dependencies:
    tslib: ^2.1.0
  checksum: de4b53db1063e618ec2eca0f7965d9137cabe98cf6be9272efe6c86b47c17b987383df8574861bcced18ebd590764125a901d5506082be84a8b8e364bf05f119
  languageName: node
  linkType: hard

"scale-ts@npm:^1.6.0":
  version: 1.6.0
  resolution: "scale-ts@npm:1.6.0"
  checksum: 2cd6d3e31ea78621fe2e068eedc3beb6a3cfc338c9033f04ec3e355b4b08e134febad655c54a80272a50737136a27436f9d14d6525b126e621a3b77524111056
  languageName: node
  linkType: hard

"smoldot@npm:2.0.22":
  version: 2.0.22
  resolution: "smoldot@npm:2.0.22"
  dependencies:
    ws: ^8.8.1
  checksum: 383bc6a5481190d64302fad56e9e4120a484885aee5543b268887de425708f04e8b3b3b69893333dfd9fd0e596f006afaa7c7ee5ff260c5d2be929c60302d385
  languageName: node
  linkType: hard

"tslib@npm:^2.1.0, tslib@npm:^2.6.2":
  version: 2.6.2
  resolution: "tslib@npm:2.6.2"
  checksum: 329ea56123005922f39642318e3d1f0f8265d1e7fcb92c633e0809521da75eeaca28d2cf96d7248229deb40e5c19adf408259f4b9640afd20d13aecc1430f3ad
  languageName: node
  linkType: hard

"undici-types@npm:~5.25.1":
  version: 5.25.3
  resolution: "undici-types@npm:5.25.3"
  checksum: ec9d2cc36520cbd9fbe3b3b6c682a87fe5be214699e1f57d1e3d9a2cb5be422e62735f06e0067dc325fd3dd7404c697e4d479f9147dc8a804e049e29f357f2ff
  languageName: node
  linkType: hard

"web-streams-polyfill@npm:^3.0.3":
  version: 3.2.1
  resolution: "web-streams-polyfill@npm:3.2.1"
  checksum: b119c78574b6d65935e35098c2afdcd752b84268e18746606af149e3c424e15621b6f1ff0b42b2676dc012fc4f0d313f964b41a4b5031e525faa03997457da02
  languageName: node
  linkType: hard

"ws@npm:^8.15.1":
  version: 8.16.0
  resolution: "ws@npm:8.16.0"
  peerDependencies:
    bufferutil: ^4.0.1
    utf-8-validate: ">=5.0.2"
  peerDependenciesMeta:
    bufferutil:
      optional: true
    utf-8-validate:
      optional: true
  checksum: feb3eecd2bae82fa8a8beef800290ce437d8b8063bdc69712725f21aef77c49cb2ff45c6e5e7fce622248f9c7abaee506bae0a9064067ffd6935460c7357321b
  languageName: node
  linkType: hard

"ws@npm:^8.8.1":
  version: 8.14.2
  resolution: "ws@npm:8.14.2"
  peerDependencies:
    bufferutil: ^4.0.1
    utf-8-validate: ">=5.0.2"
  peerDependenciesMeta:
    bufferutil:
      optional: true
    utf-8-validate:
      optional: true
  checksum: 3ca0dad26e8cc6515ff392b622a1467430814c463b3368b0258e33696b1d4bed7510bc7030f7b72838b9fdeb8dbd8839cbf808367d6aae2e1d668ce741d4308b
  languageName: node
  linkType: hard
